# SPDX-License-Identifier: LGPL-2.1-or-later
#
# Upstream revisions this repository builds from source. Written by
# `bump-deps to-head|to-tag` (LibreSCRS/ci) and held by `bump-deps check`:
# move a row with the tool, never by hand.
#
# <name>  <url>  <commit>
LibreAgent       https://github.com/LibreSCRS/LibreAgent        4019824a2489776eb6f0d6a110291dce4970fd63
LibreDarwin      https://github.com/LibreSCRS/LibreDarwin       868ff477dad7153239aedc5d09fe6bfd0d500210
