# SPDX-License-Identifier: LGPL-2.1-or-later
#
# Upstream revisions this repository builds from source. Written by
# `bump-deps to-head|to-tag` (LibreSCRS/ci) and held by `bump-deps check`:
# move a row with the tool, never by hand.
#
# <name>  <url>  <commit>  <main|version>
LibreAgent       https://github.com/LibreSCRS/LibreAgent        7888f5d7ebf5342047ca4079111407c06ca391b2  main
